
Microsoft Visual Studio Solution File, Format Version 11.00
# Visual Studio 2010
Project("{FAE04EC0-301F-11D3-BF4B-00C04F79EFBC}") = "MineBomber_Engine", "MineBomber_Engine\MineBomber_Engine.csproj", "{FBBAF369-A045-4463-9620-D91995110A59}"
EndProject
Project("{FAE04EC0-301F-11D3-BF4B-00C04F79EFBC}") = "MineBomber_WinFormDisplay", "MineBomber_WinFormDisplay\MineBomber_WinFormDisplay.csproj", "{83496C01-6FD7-4013-B8AE-5E786F74C7B7}"
EndProject
Global
	GlobalSection(SubversionScc) = preSolution
		Svn-Managed = True
		Manager = AnkhSVN - Subversion Support for Visual Studio
	EndGlobalSection
	GlobalSection(SolutionConfigurationPlatforms) = preSolution
		Debug|Any CPU = Debug|Any CPU
		Release|Any CPU = Release|Any CPU
	EndGlobalSection
	GlobalSection(ProjectConfigurationPlatforms) = postSolution
		{FBBAF369-A045-4463-9620-D91995110A59}.Debug|Any CPU.ActiveCfg = Debug|Any CPU
		{FBBAF369-A045-4463-9620-D91995110A59}.Debug|Any CPU.Build.0 = Debug|Any CPU
		{FBBAF369-A045-4463-9620-D91995110A59}.Release|Any CPU.ActiveCfg = Release|Any CPU
		{FBBAF369-A045-4463-9620-D91995110A59}.Release|Any CPU.Build.0 = Release|Any CPU
		{83496C01-6FD7-4013-B8AE-5E786F74C7B7}.Debug|Any CPU.ActiveCfg = Debug|Any CPU
		{83496C01-6FD7-4013-B8AE-5E786F74C7B7}.Debug|Any CPU.Build.0 = Debug|Any CPU
		{83496C01-6FD7-4013-B8AE-5E786F74C7B7}.Release|Any CPU.ActiveCfg = Release|Any CPU
		{83496C01-6FD7-4013-B8AE-5E786F74C7B7}.Release|Any CPU.Build.0 = Release|Any CPU
	EndGlobalSection
	GlobalSection(SolutionProperties) = preSolution
		HideSolutionNode = FALSE
	EndGlobalSection
EndGlobal
